# This file is automatically @generated by Poetry 1.8.3 and should not be changed by hand.

[[package]]
name = "repoze-lru"
version = "0.7"
description = "A tiny LRU cache implementation and decorator"
optional = false
python-versions = "*"
files = [
    {file = "repoze.lru-0.7-py3-none-any.whl", hash = "sha256:f77bf0e1096ea445beadd35f3479c5cff2aa1efe604a133e67150bc8630a62ea"},
    {file = "repoze.lru-0.7.tar.gz", hash = "sha256:0429a75e19380e4ed50c0694e26ac8819b4ea7851ee1fc7583c8572db80aff77"},
]

[package.extras]
docs = ["Sphinx"]
testing = ["coverage", "nose"]

[[package]]
name = "routes"
version = "2.5.1"
description = "Routing Recognition and Generation Tools"
optional = false
python-versions = "*"
files = [
    {file = "Routes-2.5.1-py2.py3-none-any.whl", hash = "sha256:fab5a042a3a87778eb271d053ca2723cadf43c95b471532a191a48539cb606ea"},
    {file = "Routes-2.5.1.tar.gz", hash = "sha256:b6346459a15f0cbab01a45a90c3d25caf980d4733d628b4cc1952b865125d053"},
]

[package.dependencies]
"repoze.lru" = ">=0.3"
six = "*"

[package.extras]
docs = ["Sphinx", "webob"]
middleware = ["webob"]

[[package]]
name = "six"
version = "1.17.0"
description = "Python 2 and 3 compatibility utilities"
optional = false
python-versions = "!=3.0.*,!=3.1.*,!=3.2.*,>=2.7"
files = [
    {file = "six-1.17.0-py2.py3-none-any.whl", hash = "sha256:4721f391ed90541fddacab5acf947aa0d3dc7d27b2e1e8eda2be8970586c3274"},
    {file = "six-1.17.0.tar.gz", hash = "sha256:ff70335d468e7eb6ec65b95b99d3a2836546063f63acc5171de367e834932a81"},
]

[metadata]
lock-version = "2.0"
python-versions = "^3.12"
content-hash = "81fa2016d91848086743b9fa812df536e55dc389439411f08cdcbc617b1d3abf"
